
Microsoft Visual Studio Solution File, Format Version 12.00
# Visual Studio Version 17
VisualStudioVersion = 17.0.31903.59
MinimumVisualStudioVersion = 10.0.40219.1
Project("{2150E333-8FDC-42A3-9474-1A3956D46DE8}") = "src", "src", "{827E0CD3-B72D-47B6-A68D-7590B98EB39B}"
EndProject
Project("{2150E333-8FDC-42A3-9474-1A3956D46DE8}") = "server", "server", "{E6B48023-E680-40DA-9E17-319585C26937}"
EndProject
Project("{2150E333-8FDC-42A3-9474-1A3956D46DE8}") = "backend", "backend", "{214609D3-FACE-0A4A-67AD-95D432EC6CE3}"
EndProject
Project("{2150E333-8FDC-42A3-9474-1A3956D46DE8}") = "worker", "worker", "{37B73352-894E-26BE-4269-6FBE9B68C85D}"
EndProject
Project("{2150E333-8FDC-42A3-9474-1A3956D46DE8}") = "src", "src", "{EC40241A-0C73-D778-59A2-E1B75EA9E407}"
EndProject
Project("{FAE04EC0-301F-11D3-BF4B-00C04F79EFBC}") = "TicketFlow.Worker", "src\server\worker\TicketFlow.Worker.csproj", "{2BA81C1A-93F3-44A9-BBA2-9E5D7CE74814}"
EndProject
Project("{2150E333-8FDC-42A3-9474-1A3956D46DE8}") = "Domain", "Domain", "{3FB0B2A3-47C6-7D4C-F0FF-0CC4601B851B}"
EndProject
Project("{FAE04EC0-301F-11D3-BF4B-00C04F79EFBC}") = "TicketFlow.Domain", "src\server\backend\Domain\TicketFlow.Domain.csproj", "{453822D7-617D-49A7-B006-B642B000DB94}"
EndProject
Project("{2150E333-8FDC-42A3-9474-1A3956D46DE8}") = "Application", "Application", "{16706A4B-B3F3-83E8-A6E5-A997FAC8F4ED}"
EndProject
Project("{FAE04EC0-301F-11D3-BF4B-00C04F79EFBC}") = "TicketFlow.Application", "src\server\backend\Application\TicketFlow.Application.csproj", "{C8035D4F-9F8E-419D-96F5-BF88E81804E2}"
EndProject
Project("{2150E333-8FDC-42A3-9474-1A3956D46DE8}") = "Infrastructure", "Infrastructure", "{D1DE2D26-8168-8EE4-980D-C392832B0750}"
EndProject
Project("{FAE04EC0-301F-11D3-BF4B-00C04F79EFBC}") = "TicketFlow.Infrastructure", "src\server\backend\Infrastructure\TicketFlow.Infrastructure.csproj", "{8D3AF357-1A43-4EFA-AC14-A4A22681CBEB}"
EndProject
Project("{2150E333-8FDC-42A3-9474-1A3956D46DE8}") = "Api", "Api", "{E0A91DFC-9152-70D2-D886-78AB4C7F9643}"
EndProject
Project("{FAE04EC0-301F-11D3-BF4B-00C04F79EFBC}") = "TicketFlow.Api", "src\server\backend\Api\TicketFlow.Api.csproj", "{13B57FBB-EC5A-49D7-B9B5-BA3707B41721}"
EndProject
Project("{2150E333-8FDC-42A3-9474-1A3956D46DE8}") = "tests", "tests", "{0AB3BF05-4346-4AA6-1389-037BE0695223}"
EndProject
Project("{2150E333-8FDC-42A3-9474-1A3956D46DE8}") = "Domain", "Domain", "{AA729693-B437-D1F0-D453-A817F88C4370}"
EndProject
Project("{FAE04EC0-301F-11D3-BF4B-00C04F79EFBC}") = "TicketFlow.Domain.Tests", "tests\Domain\TicketFlow.Domain.Tests.csproj", "{40FD338D-B401-41E6-A025-80BB3C1BE013}"
EndProject
Global
	GlobalSection(SolutionConfigurationPlatforms) = preSolution
		Debug|Any CPU = Debug|Any CPU
		Debug|x64 = Debug|x64
		Debug|x86 = Debug|x86
		Release|Any CPU = Release|Any CPU
		Release|x64 = Release|x64
		Release|x86 = Release|x86
	EndGlobalSection
	GlobalSection(ProjectConfigurationPlatforms) = postSolution
		{2BA81C1A-93F3-44A9-BBA2-9E5D7CE74814}.Debug|Any CPU.ActiveCfg = Debug|Any CPU
		{2BA81C1A-93F3-44A9-BBA2-9E5D7CE74814}.Debug|Any CPU.Build.0 = Debug|Any CPU
		{2BA81C1A-93F3-44A9-BBA2-9E5D7CE74814}.Debug|x64.ActiveCfg = Debug|Any CPU
		{2BA81C1A-93F3-44A9-BBA2-9E5D7CE74814}.Debug|x64.Build.0 = Debug|Any CPU
		{2BA81C1A-93F3-44A9-BBA2-9E5D7CE74814}.Debug|x86.ActiveCfg = Debug|Any CPU
		{2BA81C1A-93F3-44A9-BBA2-9E5D7CE74814}.Debug|x86.Build.0 = Debug|Any CPU
		{2BA81C1A-93F3-44A9-BBA2-9E5D7CE74814}.Release|Any CPU.ActiveCfg = Release|Any CPU
		{2BA81C1A-93F3-44A9-BBA2-9E5D7CE74814}.Release|Any CPU.Build.0 = Release|Any CPU
		{2BA81C1A-93F3-44A9-BBA2-9E5D7CE74814}.Release|x64.ActiveCfg = Release|Any CPU
		{2BA81C1A-93F3-44A9-BBA2-9E5D7CE74814}.Release|x64.Build.0 = Release|Any CPU
		{2BA81C1A-93F3-44A9-BBA2-9E5D7CE74814}.Release|x86.ActiveCfg = Release|Any CPU
		{2BA81C1A-93F3-44A9-BBA2-9E5D7CE74814}.Release|x86.Build.0 = Release|Any CPU
		{453822D7-617D-49A7-B006-B642B000DB94}.Debug|Any CPU.ActiveCfg = Debug|Any CPU
		{453822D7-617D-49A7-B006-B642B000DB94}.Debug|Any CPU.Build.0 = Debug|Any CPU
		{453822D7-617D-49A7-B006-B642B000DB94}.Debug|x64.ActiveCfg = Debug|Any CPU
		{453822D7-617D-49A7-B006-B642B000DB94}.Debug|x64.Build.0 = Debug|Any CPU
		{453822D7-617D-49A7-B006-B642B000DB94}.Debug|x86.ActiveCfg = Debug|Any CPU
		{453822D7-617D-49A7-B006-B642B000DB94}.Debug|x86.Build.0 = Debug|Any CPU
		{453822D7-617D-49A7-B006-B642B000DB94}.Release|Any CPU.ActiveCfg = Release|Any CPU
		{453822D7-617D-49A7-B006-B642B000DB94}.Release|Any CPU.Build.0 = Release|Any CPU
		{453822D7-617D-49A7-B006-B642B000DB94}.Release|x64.ActiveCfg = Release|Any CPU
		{453822D7-617D-49A7-B006-B642B000DB94}.Release|x64.Build.0 = Release|Any CPU
		{453822D7-617D-49A7-B006-B642B000DB94}.Release|x86.ActiveCfg = Release|Any CPU
		{453822D7-617D-49A7-B006-B642B000DB94}.Release|x86.Build.0 = Release|Any CPU
		{C8035D4F-9F8E-419D-96F5-BF88E81804E2}.Debug|Any CPU.ActiveCfg = Debug|Any CPU
		{C8035D4F-9F8E-419D-96F5-BF88E81804E2}.Debug|Any CPU.Build.0 = Debug|Any CPU
		{C8035D4F-9F8E-419D-96F5-BF88E81804E2}.Debug|x64.ActiveCfg = Debug|Any CPU
		{C8035D4F-9F8E-419D-96F5-BF88E81804E2}.Debug|x64.Build.0 = Debug|Any CPU
		{C8035D4F-9F8E-419D-96F5-BF88E81804E2}.Debug|x86.ActiveCfg = Debug|Any CPU
		{C8035D4F-9F8E-419D-96F5-BF88E81804E2}.Debug|x86.Build.0 = Debug|Any CPU
		{C8035D4F-9F8E-419D-96F5-BF88E81804E2}.Release|Any CPU.ActiveCfg = Release|Any CPU
		{C8035D4F-9F8E-419D-96F5-BF88E81804E2}.Release|Any CPU.Build.0 = Release|Any CPU
		{C8035D4F-9F8E-419D-96F5-BF88E81804E2}.Release|x64.ActiveCfg = Release|Any CPU
		{C8035D4F-9F8E-419D-96F5-BF88E81804E2}.Release|x64.Build.0 = Release|Any CPU
		{C8035D4F-9F8E-419D-96F5-BF88E81804E2}.Release|x86.ActiveCfg = Release|Any CPU
		{C8035D4F-9F8E-419D-96F5-BF88E81804E2}.Release|x86.Build.0 = Release|Any CPU
		{8D3AF357-1A43-4EFA-AC14-A4A22681CBEB}.Debug|Any CPU.ActiveCfg = Debug|Any CPU
		{8D3AF357-1A43-4EFA-AC14-A4A22681CBEB}.Debug|Any CPU.Build.0 = Debug|Any CPU
		{8D3AF357-1A43-4EFA-AC14-A4A22681CBEB}.Debug|x64.ActiveCfg = Debug|Any CPU
		{8D3AF357-1A43-4EFA-AC14-A4A22681CBEB}.Debug|x64.Build.0 = Debug|Any CPU
		{8D3AF357-1A43-4EFA-AC14-A4A22681CBEB}.Debug|x86.ActiveCfg = Debug|Any CPU
		{8D3AF357-1A43-4EFA-AC14-A4A22681CBEB}.Debug|x86.Build.0 = Debug|Any CPU
		{8D3AF357-1A43-4EFA-AC14-A4A22681CBEB}.Release|Any CPU.ActiveCfg = Release|Any CPU
		{8D3AF357-1A43-4EFA-AC14-A4A22681CBEB}.Release|Any CPU.Build.0 = Release|Any CPU
		{8D3AF357-1A43-4EFA-AC14-A4A22681CBEB}.Release|x64.ActiveCfg = Release|Any CPU
		{8D3AF357-1A43-4EFA-AC14-A4A22681CBEB}.Release|x64.Build.0 = Release|Any CPU
		{8D3AF357-1A43-4EFA-AC14-A4A22681CBEB}.Release|x86.ActiveCfg = Release|Any CPU
		{8D3AF357-1A43-4EFA-AC14-A4A22681CBEB}.Release|x86.Build.0 = Release|Any CPU
		{13B57FBB-EC5A-49D7-B9B5-BA3707B41721}.Debug|Any CPU.ActiveCfg = Debug|Any CPU
		{13B57FBB-EC5A-49D7-B9B5-BA3707B41721}.Debug|Any CPU.Build.0 = Debug|Any CPU
		{13B57FBB-EC5A-49D7-B9B5-BA3707B41721}.Debug|x64.ActiveCfg = Debug|Any CPU
		{13B57FBB-EC5A-49D7-B9B5-BA3707B41721}.Debug|x64.Build.0 = Debug|Any CPU
		{13B57FBB-EC5A-49D7-B9B5-BA3707B41721}.Debug|x86.ActiveCfg = Debug|Any CPU
		{13B57FBB-EC5A-49D7-B9B5-BA3707B41721}.Debug|x86.Build.0 = Debug|Any CPU
		{13B57FBB-EC5A-49D7-B9B5-BA3707B41721}.Release|Any CPU.ActiveCfg = Release|Any CPU
		{13B57FBB-EC5A-49D7-B9B5-BA3707B41721}.Release|Any CPU.Build.0 = Release|Any CPU
		{13B57FBB-EC5A-49D7-B9B5-BA3707B41721}.Release|x64.ActiveCfg = Release|Any CPU
		{13B57FBB-EC5A-49D7-B9B5-BA3707B41721}.Release|x64.Build.0 = Release|Any CPU
		{13B57FBB-EC5A-49D7-B9B5-BA3707B41721}.Release|x86.ActiveCfg = Release|Any CPU
		{13B57FBB-EC5A-49D7-B9B5-BA3707B41721}.Release|x86.Build.0 = Release|Any CPU
		{40FD338D-B401-41E6-A025-80BB3C1BE013}.Debug|Any CPU.ActiveCfg = Debug|Any CPU
		{40FD338D-B401-41E6-A025-80BB3C1BE013}.Debug|Any CPU.Build.0 = Debug|Any CPU
		{40FD338D-B401-41E6-A025-80BB3C1BE013}.Debug|x64.ActiveCfg = Debug|Any CPU
		{40FD338D-B401-41E6-A025-80BB3C1BE013}.Debug|x64.Build.0 = Debug|Any CPU
		{40FD338D-B401-41E6-A025-80BB3C1BE013}.Debug|x86.ActiveCfg = Debug|Any CPU
		{40FD338D-B401-41E6-A025-80BB3C1BE013}.Debug|x86.Build.0 = Debug|Any CPU
		{40FD338D-B401-41E6-A025-80BB3C1BE013}.Release|Any CPU.ActiveCfg = Release|Any CPU
		{40FD338D-B401-41E6-A025-80BB3C1BE013}.Release|Any CPU.Build.0 = Release|Any CPU
		{40FD338D-B401-41E6-A025-80BB3C1BE013}.Release|x64.ActiveCfg = Release|Any CPU
		{40FD338D-B401-41E6-A025-80BB3C1BE013}.Release|x64.Build.0 = Release|Any CPU
		{40FD338D-B401-41E6-A025-80BB3C1BE013}.Release|x86.ActiveCfg = Release|Any CPU
		{40FD338D-B401-41E6-A025-80BB3C1BE013}.Release|x86.Build.0 = Release|Any CPU
	EndGlobalSection
	GlobalSection(SolutionProperties) = preSolution
		HideSolutionNode = FALSE
	EndGlobalSection
	GlobalSection(NestedProjects) = preSolution
		{E6B48023-E680-40DA-9E17-319585C26937} = {827E0CD3-B72D-47B6-A68D-7590B98EB39B}
		{214609D3-FACE-0A4A-67AD-95D432EC6CE3} = {E6B48023-E680-40DA-9E17-319585C26937}
		{37B73352-894E-26BE-4269-6FBE9B68C85D} = {E6B48023-E680-40DA-9E17-319585C26937}
		{EC40241A-0C73-D778-59A2-E1B75EA9E407} = {37B73352-894E-26BE-4269-6FBE9B68C85D}
		{2BA81C1A-93F3-44A9-BBA2-9E5D7CE74814} = {EC40241A-0C73-D778-59A2-E1B75EA9E407}
		{3FB0B2A3-47C6-7D4C-F0FF-0CC4601B851B} = {214609D3-FACE-0A4A-67AD-95D432EC6CE3}
		{453822D7-617D-49A7-B006-B642B000DB94} = {3FB0B2A3-47C6-7D4C-F0FF-0CC4601B851B}
		{16706A4B-B3F3-83E8-A6E5-A997FAC8F4ED} = {214609D3-FACE-0A4A-67AD-95D432EC6CE3}
		{C8035D4F-9F8E-419D-96F5-BF88E81804E2} = {16706A4B-B3F3-83E8-A6E5-A997FAC8F4ED}
		{D1DE2D26-8168-8EE4-980D-C392832B0750} = {214609D3-FACE-0A4A-67AD-95D432EC6CE3}
		{8D3AF357-1A43-4EFA-AC14-A4A22681CBEB} = {D1DE2D26-8168-8EE4-980D-C392832B0750}
		{E0A91DFC-9152-70D2-D886-78AB4C7F9643} = {214609D3-FACE-0A4A-67AD-95D432EC6CE3}
		{13B57FBB-EC5A-49D7-B9B5-BA3707B41721} = {E0A91DFC-9152-70D2-D886-78AB4C7F9643}
		{AA729693-B437-D1F0-D453-A817F88C4370} = {0AB3BF05-4346-4AA6-1389-037BE0695223}
		{40FD338D-B401-41E6-A025-80BB3C1BE013} = {AA729693-B437-D1F0-D453-A817F88C4370}
	EndGlobalSection
EndGlobal
